
Microsoft Visual Studio Solution File, Format Version 12.00
# Visual Studio Version 16
VisualStudioVersion = 16.0.31105.61
MinimumVisualStudioVersion = 10.0.40219.1
Project("{FAE04EC0-301F-11D3-BF4B-00C04F79EFBC}") = "LastTry", "LastTry\LastTry.csproj", "{35EDD6A0-F65C-47B7-9B0D-96C3E8BB012D}"
EndProject
Global
	GlobalSection(SolutionConfigurationPlatforms) = preSolution
		Debug|Any CPU = Debug|Any CPU
		Release|Any CPU = Release|Any CPU
	EndGlobalSection
	GlobalSection(ProjectConfigurationPlatforms) = postSolution
		{35EDD6A0-F65C-47B7-9B0D-96C3E8BB012D}.Debug|Any CPU.ActiveCfg = Debug|Any CPU
		{35EDD6A0-F65C-47B7-9B0D-96C3E8BB012D}.Debug|Any CPU.Build.0 = Debug|Any CPU
		{35EDD6A0-F65C-47B7-9B0D-96C3E8BB012D}.Release|Any CPU.ActiveCfg = Release|Any CPU
		{35EDD6A0-F65C-47B7-9B0D-96C3E8BB012D}.Release|Any CPU.Build.0 = Release|Any CPU
	EndGlobalSection
	GlobalSection(SolutionProperties) = preSolution
		HideSolutionNode = FALSE
	EndGlobalSection
	GlobalSection(ExtensibilityGlobals) = postSolution
		SolutionGuid = {2B601B44-74AF-4158-B46D-CE73A365CC39}
	EndGlobalSection
EndGlobal
